
Microsoft Visual Studio Solution File, Format Version 12.00
# Visual Studio Version 17
Project("{8BC9CEB8-8B4A-11D0-8D11-00A0C91BC942}") = "ALL_BUILD", "ALL_BUILD.vcxproj", "{8BD91671-784B-396E-A526-E4AD0544B4EE}"
	ProjectSection(ProjectDependencies) = postProject
		{632B4356-9553-3DD4-A03C-8CA4691F074B} = {632B4356-9553-3DD4-A03C-8CA4691F074B}
		{EA1F0F6F-3DBD-32CE-9826-D2A89F27BE20} = {EA1F0F6F-3DBD-32CE-9826-D2A89F27BE20}
	EndProjectSection
EndProject
Project("{8BC9CEB8-8B4A-11D0-8D11-00A0C91BC942}") = "Internal", "Internal.vcxproj", "{632B4356-9553-3DD4-A03C-8CA4691F074B}"
	ProjectSection(ProjectDependencies) = postProject
		{EA1F0F6F-3DBD-32CE-9826-D2A89F27BE20} = {EA1F0F6F-3DBD-32CE-9826-D2A89F27BE20}
	EndProjectSection
EndProject
Project("{8BC9CEB8-8B4A-11D0-8D11-00A0C91BC942}") = "ZERO_CHECK", "ZERO_CHECK.vcxproj", "{EA1F0F6F-3DBD-32CE-9826-D2A89F27BE20}"
	ProjectSection(ProjectDependencies) = postProject
	EndProjectSection
EndProject
Global
	GlobalSection(SolutionConfigurationPlatforms) = preSolution
		Debug|x64 = Debug|x64
		Release|x64 = Release|x64
		MinSizeRel|x64 = MinSizeRel|x64
		RelWithDebInfo|x64 = RelWithDebInfo|x64
	EndGlobalSection
	GlobalSection(ProjectConfigurationPlatforms) = postSolution
		{8BD91671-784B-396E-A526-E4AD0544B4EE}.Debug|x64.ActiveCfg = Debug|x64
		{8BD91671-784B-396E-A526-E4AD0544B4EE}.Release|x64.ActiveCfg = Release|x64
		{8BD91671-784B-396E-A526-E4AD0544B4EE}.MinSizeRel|x64.ActiveCfg = MinSizeRel|x64
		{8BD91671-784B-396E-A526-E4AD0544B4EE}.RelWithDebInfo|x64.ActiveCfg = RelWithDebInfo|x64
		{632B4356-9553-3DD4-A03C-8CA4691F074B}.Debug|x64.ActiveCfg = Debug|x64
		{632B4356-9553-3DD4-A03C-8CA4691F074B}.Debug|x64.Build.0 = Debug|x64
		{632B4356-9553-3DD4-A03C-8CA4691F074B}.Release|x64.ActiveCfg = Release|x64
		{632B4356-9553-3DD4-A03C-8CA4691F074B}.Release|x64.Build.0 = Release|x64
		{632B4356-9553-3DD4-A03C-8CA4691F074B}.MinSizeRel|x64.ActiveCfg = MinSizeRel|x64
		{632B4356-9553-3DD4-A03C-8CA4691F074B}.MinSizeRel|x64.Build.0 = MinSizeRel|x64
		{632B4356-9553-3DD4-A03C-8CA4691F074B}.RelWithDebInfo|x64.ActiveCfg = RelWithDebInfo|x64
		{632B4356-9553-3DD4-A03C-8CA4691F074B}.RelWithDebInfo|x64.Build.0 = RelWithDebInfo|x64
		{EA1F0F6F-3DBD-32CE-9826-D2A89F27BE20}.Debug|x64.ActiveCfg = Debug|x64
		{EA1F0F6F-3DBD-32CE-9826-D2A89F27BE20}.Debug|x64.Build.0 = Debug|x64
		{EA1F0F6F-3DBD-32CE-9826-D2A89F27BE20}.Release|x64.ActiveCfg = Release|x64
		{EA1F0F6F-3DBD-32CE-9826-D2A89F27BE20}.Release|x64.Build.0 = Release|x64
		{EA1F0F6F-3DBD-32CE-9826-D2A89F27BE20}.MinSizeRel|x64.ActiveCfg = MinSizeRel|x64
		{EA1F0F6F-3DBD-32CE-9826-D2A89F27BE20}.MinSizeRel|x64.Build.0 = MinSizeRel|x64
		{EA1F0F6F-3DBD-32CE-9826-D2A89F27BE20}.RelWithDebInfo|x64.ActiveCfg = RelWithDebInfo|x64
		{EA1F0F6F-3DBD-32CE-9826-D2A89F27BE20}.RelWithDebInfo|x64.Build.0 = RelWithDebInfo|x64
	EndGlobalSection
	GlobalSection(ExtensibilityGlobals) = postSolution
		SolutionGuid = {06290197-3A58-33C6-99C0-07C4CAFF51BC}
	EndGlobalSection
	GlobalSection(ExtensibilityAddIns) = postSolution
	EndGlobalSection
EndGlobal
